{
  "requires": true,
  "lockfileVersion": 1,
  "dependencies": {
    "@chenfengyuan/datepicker": {
      "version": "1.0.7",
      "resolved": "https://registry.npmjs.org/@chenfengyuan/datepicker/-/datepicker-1.0.7.tgz",
      "integrity": "sha512-Prcb9R0MVUgUXHPTsZzjF+YIxhrMCqsF0mmItlwy61KIBG+PIMwSNV9Zg9eyP4dyOdd33EDPbmC4KPwYYF7vEw=="
    }
  }
}
